PODS:
  - Flutter (1.0.0)
  - phone_number (2.0.2):
    - Flutter
    - PhoneNumberKit/PhoneNumberKitCore (= 3.7.2)
  - PhoneNumberKit/PhoneNumberKitCore (3.7.2)

DEPENDENCIES:
  - Flutter (from `Flutter`)
  - phone_number (from `.symlinks/plugins/phone_number/ios`)
  - PhoneNumberKit/PhoneNumberKitCore (from `https://github.com/marmelroy/PhoneNumberKit`, tag `3.7.2`)

EXTERNAL SOURCES:
  Flutter:
    :path: Flutter
  phone_number:
    :path: ".symlinks/plugins/phone_number/ios"
  PhoneNumberKit:
    :git: https://github.com/marmelroy/PhoneNumberKit
    :tag: 3.7.2

CHECKOUT OPTIONS:
  PhoneNumberKit:
    :git: https://github.com/marmelroy/PhoneNumberKit
    :tag: 3.7.2

SPEC CHECKSUMS:
  Flutter: f04841e97a9d0b0a8025694d0796dd46242b2854
  phone_number: f3e19692d8f4e7de14865db328bd100342ff35e6
  PhoneNumberKit: f8e2693b9b192ac170a1f9d039fab9f4e4f068ec

PODFILE CHECKSUM: 8b40f7aebc9e79b81e30d1724bc6072d59157c7d

COCOAPODS: 1.13.0
